// !$*UTF8*$!
{
	archiveVersion = 1;
	classes = {
	};
	objectVersion = 56;
	objects = {

/* Begin PBXBuildFile section */
		B10000010000000000000001 /* PomodoroApp.swift in Sources */ = {isa = PBXBuildFile; fileRef = B10000020000000000000001 /* PomodoroApp.swift */; };
		B10000010000000000000002 /* TimerState.swift in Sources */ = {isa = PBXBuildFile; fileRef = B10000020000000000000002 /* TimerState.swift */; };
		B10000010000000000000003 /* Settings.swift in Sources */ = {isa = PBXBuildFile; fileRef = B10000020000000000000003 /* Settings.swift */; };
		B10000010000000000000004 /* Statistics.swift in Sources */ = {isa = PBXBuildFile; fileRef = B10000020000000000000004 /* Statistics.swift */; };
		B10000010000000000000005 /* PomodoroViewModel.swift in Sources */ = {isa = PBXBuildFile; fileRef = B10000020000000000000005 /* PomodoroViewModel.swift */; };
		B10000010000000000000006 /* MenuBarView.swift in Sources */ = {isa = PBXBuildFile; fileRef = B10000020000000000000006 /* MenuBarView.swift */; };
		B10000010000000000000007 /* TimerView.swift in Sources */ = {isa = PBXBuildFile; fileRef = B10000020000000000000007 /* TimerView.swift */; };
		B10000010000000000000008 /* SettingsView.swift in Sources */ = {isa = PBXBuildFile; fileRef = B10000020000000000000008 /* SettingsView.swift */; };
		B10000010000000000000009 /* StatsView.swift in Sources */ = {isa = PBXBuildFile; fileRef = B10000020000000000000009 /* StatsView.swift */; };
		B10000010000000000000010 /* Assets.xcassets in Resources */ = {isa = PBXBuildFile; fileRef = B10000020000000000000010 /* Assets.xcassets */; };
		C10000010000000000000001 /* TimerStateTests.swift in Sources */ = {isa = PBXBuildFile; fileRef = C10000020000000000000001 /* TimerStateTests.swift */; };
		C10000010000000000000002 /* SettingsTests.swift in Sources */ = {isa = PBXBuildFile; fileRef = C10000020000000000000002 /* SettingsTests.swift */; };
		C10000010000000000000003 /* StatisticsTests.swift in Sources */ = {isa = PBXBuildFile; fileRef = C10000020000000000000003 /* StatisticsTests.swift */; };
		C10000010000000000000004 /* PomodoroViewModelTests.swift in Sources */ = {isa = PBXBuildFile; fileRef = C10000020000000000000004 /* PomodoroViewModelTests.swift */; };
/* End PBXBuildFile section */

/* Begin PBXContainerItemProxy section */
		C10000030000000000000001 /* PBXContainerItemProxy */ = {
			isa = PBXContainerItemProxy;
			containerPortal = B10000090000000000000001 /* Project object */;
			proxyType = 1;
			remoteGlobalIDString = B10000060000000000000001;
			remoteInfo = PomodoroApp;
		};
/* End PBXContainerItemProxy section */

/* Begin PBXFileReference section */
		B10000020000000000000001 /* PomodoroApp.swift */ = {isa = PBXFileReference; lastKnownFileType = sourcecode.swift; path = PomodoroApp.swift; sourceTree = "<group>"; };
		B10000020000000000000002 /* TimerState.swift */ = {isa = PBXFileReference; lastKnownFileType = sourcecode.swift; path = TimerState.swift; sourceTree = "<group>"; };
		B10000020000000000000003 /* Settings.swift */ = {isa = PBXFileReference; lastKnownFileType = sourcecode.swift; path = Settings.swift; sourceTree = "<group>"; };
		B10000020000000000000004 /* Statistics.swift */ = {isa = PBXFileReference; lastKnownFileType = sourcecode.swift; path = Statistics.swift; sourceTree = "<group>"; };
		B10000020000000000000005 /* PomodoroViewModel.swift */ = {isa = PBXFileReference; lastKnownFileType = sourcecode.swift; path = PomodoroViewModel.swift; sourceTree = "<group>"; };
		B10000020000000000000006 /* MenuBarView.swift */ = {isa = PBXFileReference; lastKnownFileType = sourcecode.swift; path = MenuBarView.swift; sourceTree = "<group>"; };
		B10000020000000000000007 /* TimerView.swift */ = {isa = PBXFileReference; lastKnownFileType = sourcecode.swift; path = TimerView.swift; sourceTree = "<group>"; };
		B10000020000000000000008 /* SettingsView.swift */ = {isa = PBXFileReference; lastKnownFileType = sourcecode.swift; path = SettingsView.swift; sourceTree = "<group>"; };
		B10000020000000000000009 /* StatsView.swift */ = {isa = PBXFileReference; lastKnownFileType = sourcecode.swift; path = StatsView.swift; sourceTree = "<group>"; };
		B10000020000000000000010 /* Assets.xcassets */ = {isa = PBXFileReference; lastKnownFileType = folder.assetcatalog; path = Assets.xcassets; sourceTree = "<group>"; };
		B10000020000000000000011 /* Info.plist */ = {isa = PBXFileReference; lastKnownFileType = text.plist.xml; path = Info.plist; sourceTree = "<group>"; };
		B10000020000000000000012 /* PomodoroApp.entitlements */ = {isa = PBXFileReference; lastKnownFileType = text.plist.entitlements; path = PomodoroApp.entitlements; sourceTree = "<group>"; };
		B10000030000000000000001 /* PomodoroApp.app */ = {isa = PBXFileReference; explicitFileType = wrapper.application; includeInIndex = 0; path = PomodoroApp.app; sourceTree = BUILT_PRODUCTS_DIR; };
		C10000020000000000000001 /* TimerStateTests.swift */ = {isa = PBXFileReference; lastKnownFileType = sourcecode.swift; path = TimerStateTests.swift; sourceTree = "<group>"; };
		C10000020000000000000002 /* SettingsTests.swift */ = {isa = PBXFileReference; lastKnownFileType = sourcecode.swift; path = SettingsTests.swift; sourceTree = "<group>"; };
		C10000020000000000000003 /* StatisticsTests.swift */ = {isa = PBXFileReference; lastKnownFileType = sourcecode.swift; path = StatisticsTests.swift; sourceTree = "<group>"; };
		C10000020000000000000004 /* PomodoroViewModelTests.swift */ = {isa = PBXFileReference; lastKnownFileType = sourcecode.swift; path = PomodoroViewModelTests.swift; sourceTree = "<group>"; };
		C10000030000000000000002 /* PomodoroAppTests.xctest */ = {isa = PBXFileReference; explicitFileType = wrapper.cfbundle; includeInIndex = 0; path = PomodoroAppTests.xctest; sourceTree = BUILT_PRODUCTS_DIR; };
/* End PBXFileReference section */

/* Begin PBXFrameworksBuildPhase section */
		B10000040000000000000001 /* Frameworks */ = {
			isa = PBXFrameworksBuildPhase;
			buildActionMask = 2147483647;
			files = (
			);
			runOnlyForDeploymentPostprocessing = 0;
		};
		C10000040000000000000001 /* Frameworks */ = {
			isa = PBXFrameworksBuildPhase;
			buildActionMask = 2147483647;
			files = (
			);
			runOnlyForDeploymentPostprocessing = 0;
		};
/* End PBXFrameworksBuildPhase section */

/* Begin PBXGroup section */
		B10000050000000000000001 = {
			isa = PBXGroup;
			children = (
				B10000050000000000000002 /* PomodoroApp */,
				C10000050000000000000001 /* PomodoroAppTests */,
				B10000050000000000000008 /* Products */,
			);
			sourceTree = "<group>";
		};
		B10000050000000000000002 /* PomodoroApp */ = {
			isa = PBXGroup;
			children = (
				B10000020000000000000001 /* PomodoroApp.swift */,
				B10000050000000000000003 /* Models */,
				B10000050000000000000004 /* ViewModels */,
				B10000050000000000000005 /* Views */,
				B10000050000000000000006 /* Resources */,
				B10000020000000000000011 /* Info.plist */,
				B10000020000000000000012 /* PomodoroApp.entitlements */,
			);
			path = PomodoroApp;
			sourceTree = "<group>";
		};
		B10000050000000000000003 /* Models */ = {
			isa = PBXGroup;
			children = (
				B10000020000000000000002 /* TimerState.swift */,
				B10000020000000000000003 /* Settings.swift */,
				B10000020000000000000004 /* Statistics.swift */,
			);
			path = Models;
			sourceTree = "<group>";
		};
		B10000050000000000000004 /* ViewModels */ = {
			isa = PBXGroup;
			children = (
				B10000020000000000000005 /* PomodoroViewModel.swift */,
			);
			path = ViewModels;
			sourceTree = "<group>";
		};
		B10000050000000000000005 /* Views */ = {
			isa = PBXGroup;
			children = (
				B10000020000000000000006 /* MenuBarView.swift */,
				B10000020000000000000007 /* TimerView.swift */,
				B10000020000000000000008 /* SettingsView.swift */,
				B10000020000000000000009 /* StatsView.swift */,
			);
			path = Views;
			sourceTree = "<group>";
		};
		B10000050000000000000006 /* Resources */ = {
			isa = PBXGroup;
			children = (
				B10000020000000000000010 /* Assets.xcassets */,
			);
			path = Resources;
			sourceTree = "<group>";
		};
		B10000050000000000000008 /* Products */ = {
			isa = PBXGroup;
			children = (
				B10000030000000000000001 /* PomodoroApp.app */,
				C10000030000000000000002 /* PomodoroAppTests.xctest */,
			);
			name = Products;
			sourceTree = "<group>";
		};
		C10000050000000000000001 /* PomodoroAppTests */ = {
			isa = PBXGroup;
			children = (
				C10000020000000000000001 /* TimerStateTests.swift */,
				C10000020000000000000002 /* SettingsTests.swift */,
				C10000020000000000000003 /* StatisticsTests.swift */,
				C10000020000000000000004 /* PomodoroViewModelTests.swift */,
			);
			path = PomodoroAppTests;
			sourceTree = "<group>";
		};
/* End PBXGroup section */

/* Begin PBXNativeTarget section */
		B10000060000000000000001 /* PomodoroApp */ = {
			isa = PBXNativeTarget;
			buildConfigurationList = B10000080000000000000001 /* Build configuration list for PBXNativeTarget "PomodoroApp" */;
			buildPhases = (
				B10000070000000000000001 /* Sources */,
				B10000040000000000000001 /* Frameworks */,
				B10000070000000000000002 /* Resources */,
			);
			buildRules = (
			);
			dependencies = (
			);
			name = PomodoroApp;
			productName = PomodoroApp;
			productReference = B10000030000000000000001 /* PomodoroApp.app */;
			productType = "com.apple.product-type.application";
		};
		C10000060000000000000001 /* PomodoroAppTests */ = {
			isa = PBXNativeTarget;
			buildConfigurationList = C10000080000000000000001 /* Build configuration list for PBXNativeTarget "PomodoroAppTests" */;
			buildPhases = (
				C10000070000000000000001 /* Sources */,
				C10000040000000000000001 /* Frameworks */,
			);
			buildRules = (
			);
			dependencies = (
				C10000030000000000000003 /* PBXTargetDependency */,
			);
			name = PomodoroAppTests;
			productName = PomodoroAppTests;
			productReference = C10000030000000000000002 /* PomodoroAppTests.xctest */;
			productType = "com.apple.product-type.bundle.unit-test";
		};
/* End PBXNativeTarget section */

/* Begin PBXProject section */
		B10000090000000000000001 /* Project object */ = {
			isa = PBXProject;
			attributes = {
				BuildIndependentTargetsInParallel = 1;
				LastSwiftUpdateCheck = 1500;
				LastUpgradeCheck = 1500;
				TargetAttributes = {
					B10000060000000000000001 = {
						CreatedOnToolsVersion = 15.0;
					};
					C10000060000000000000001 = {
						CreatedOnToolsVersion = 15.0;
						TestTargetID = B10000060000000000000001;
					};
				};
			};
			buildConfigurationList = B10000080000000000000002 /* Build configuration list for PBXProject "PomodoroApp" */;
			compatibilityVersion = "Xcode 14.0";
			developmentRegion = en;
			hasScannedForEncodings = 0;
			knownRegions = (
				en,
				Base,
			);
			mainGroup = B10000050000000000000001;
			productRefGroup = B10000050000000000000008 /* Products */;
			projectDirPath = "";
			projectRoot = "";
			targets = (
				B10000060000000000000001 /* PomodoroApp */,
				C10000060000000000000001 /* PomodoroAppTests */,
			);
		};
/* End PBXProject section */

/* Begin PBXResourcesBuildPhase section */
		B10000070000000000000002 /* Resources */ = {
			isa = PBXResourcesBuildPhase;
			buildActionMask = 2147483647;
			files = (
				B10000010000000000000010 /* Assets.xcassets in Resources */,
			);
			runOnlyForDeploymentPostprocessing = 0;
		};
/* End PBXResourcesBuildPhase section */

/* Begin PBXSourcesBuildPhase section */
		B10000070000000000000001 /* Sources */ = {
			isa = PBXSourcesBuildPhase;
			buildActionMask = 2147483647;
			files = (
				B10000010000000000000001 /* PomodoroApp.swift in Sources */,
				B10000010000000000000002 /* TimerState.swift in Sources */,
				B10000010000000000000003 /* Settings.swift in Sources */,
				B10000010000000000000004 /* Statistics.swift in Sources */,
				B10000010000000000000005 /* PomodoroViewModel.swift in Sources */,
				B10000010000000000000006 /* MenuBarView.swift in Sources */,
				B10000010000000000000007 /* TimerView.swift in Sources */,
				B10000010000000000000008 /* SettingsView.swift in Sources */,
				B10000010000000000000009 /* StatsView.swift in Sources */,
			);
			runOnlyForDeploymentPostprocessing = 0;
		};
		C10000070000000000000001 /* Sources */ = {
			isa = PBXSourcesBuildPhase;
			buildActionMask = 2147483647;
			files = (
				C10000010000000000000001 /* TimerStateTests.swift in Sources */,
				C10000010000000000000002 /* SettingsTests.swift in Sources */,
				C10000010000000000000003 /* StatisticsTests.swift in Sources */,
				C10000010000000000000004 /* PomodoroViewModelTests.swift in Sources */,
			);
			runOnlyForDeploymentPostprocessing = 0;
		};
/* End PBXSourcesBuildPhase section */

/* Begin PBXTargetDependency section */
		C10000030000000000000003 /* PBXTargetDependency */ = {
			isa = PBXTargetDependency;
			target = B10000060000000000000001 /* PomodoroApp */;
			targetProxy = C10000030000000000000001 /* PBXContainerItemProxy */;
		};
/* End PBXTargetDependency section */

/* Begin XCBuildConfiguration section */
		B100000A0000000000000001 /* Debug */ = {
			isa = XCBuildConfiguration;
			buildSettings = {
				ALWAYS_SEARCH_USER_PATHS = NO;
				ASSETCATALOG_COMPILER_GENERATE_SWIFT_ASSET_SYMBOL_EXTENSIONS = YES;
				CLANG_ANALYZER_NONNULL = YES;
				CLANG_ANALYZER_NUMBER_OBJECT_CONVERSION = YES_AGGRESSIVE;
				CLANG_CXX_LANGUAGE_STANDARD = "gnu++20";
				CLANG_ENABLE_MODULES = YES;
				CLANG_ENABLE_OBJC_ARC = YES;
				CLANG_ENABLE_OBJC_WEAK = YES;
				CLANG_WARN_BLOCK_CAPTURE_AUTORELEASING = YES;
				CLANG_WARN_BOOL_CONVERSION = YES;
				CLANG_WARN_COMMA = YES;
				CLANG_WARN_CONSTANT_CONVERSION = YES;
				CLANG_WARN_DEPRECATED_OBJC_IMPLEMENTATIONS = YES;
				CLANG_WARN_DIRECT_OBJC_ISA_USAGE = YES_ERROR;
				CLANG_WARN_DOCUMENTATION_COMMENTS = YES;
				CLANG_WARN_EMPTY_BODY = YES;
				CLANG_WARN_ENUM_CONVERSION = YES;
				CLANG_WARN_INFINITE_RECURSION = YES;
				CLANG_WARN_INT_CONVERSION = YES;
				CLANG_WARN_NON_LITERAL_NULL_CONVERSION = YES;
				CLANG_WARN_OBJC_IMPLICIT_RETAIN_SELF = YES;
				CLANG_WARN_OBJC_LITERAL_CONVERSION = YES;
				CLANG_WARN_OBJC_ROOT_CLASS = YES_ERROR;
				CLANG_WARN_QUOTED_INCLUDE_IN_FRAMEWORK_HEADER = YES;
				CLANG_WARN_RANGE_LOOP_ANALYSIS = YES;
				CLANG_WARN_STRICT_PROTOTYPES = YES;
				CLANG_WARN_SUSPICIOUS_MOVE = YES;
				CLANG_WARN_UNGUARDED_AVAILABILITY = YES_AGGRESSIVE;
				CLANG_WARN_UNREACHABLE_CODE = YES;
				CLANG_WARN__DUPLICATE_METHOD_MATCH = YES;
				COPY_PHASE_STRIP = NO;
				DEBUG_INFORMATION_FORMAT = dwarf;
				ENABLE_STRICT_OBJC_MSGSEND = YES;
				ENABLE_TESTABILITY = YES;
				ENABLE_USER_SCRIPT_SANDBOXING = YES;
				GCC_C_LANGUAGE_STANDARD = gnu17;
				GCC_DYNAMIC_NO_PIC = NO;
				GCC_NO_COMMON_BLOCKS = YES;
				GCC_OPTIMIZATION_LEVEL = 0;
				GCC_PREPROCESSOR_DEFINITIONS = (
					"DEBUG=1",
					"$(inherited)",
				);
				GCC_WARN_64_TO_32_BIT_CONVERSION = YES;
				GCC_WARN_ABOUT_RETURN_TYPE = YES_ERROR;
				GCC_WARN_UNDECLARED_SELECTOR = YES;
				GCC_WARN_UNINITIALIZED_AUTOS = YES_AGGRESSIVE;
				GCC_WARN_UNUSED_FUNCTION = YES;
				GCC_WARN_UNUSED_VARIABLE = YES;
				MACOSX_DEPLOYMENT_TARGET = 13.0;
				MTL_ENABLE_DEBUG_INFO = INCLUDE_SOURCE;
				MTL_FAST_MATH = YES;
				ONLY_ACTIVE_ARCH = YES;
				SDKROOT = macosx;
				SWIFT_ACTIVE_COMPILATION_CONDITIONS = "DEBUG $(inherited)";
				SWIFT_OPTIMIZATION_LEVEL = "-Onone";
			};
			name = Debug;
		};
		B100000A0000000000000002 /* Release */ = {
			isa = XCBuildConfiguration;
			buildSettings = {
				ALWAYS_SEARCH_USER_PATHS = NO;
				ASSETCATALOG_COMPILER_GENERATE_SWIFT_ASSET_SYMBOL_EXTENSIONS = YES;
				CLANG_ANALYZER_NONNULL = YES;
				CLANG_ANALYZER_NUMBER_OBJECT_CONVERSION = YES_AGGRESSIVE;
				CLANG_CXX_LANGUAGE_STANDARD = "gnu++20";
				CLANG_ENABLE_MODULES = YES;
				CLANG_ENABLE_OBJC_ARC = YES;
				CLANG_ENABLE_OBJC_WEAK = YES;
				CLANG_WARN_BLOCK_CAPTURE_AUTORELEASING = YES;
				CLANG_WARN_BOOL_CONVERSION = YES;
				CLANG_WARN_COMMA = YES;
				CLANG_WARN_CONSTANT_CONVERSION = YES;
				CLANG_WARN_DEPRECATED_OBJC_IMPLEMENTATIONS = YES;
				CLANG_WARN_DIRECT_OBJC_ISA_USAGE = YES_ERROR;
				CLANG_WARN_DOCUMENTATION_COMMENTS = YES;
				CLANG_WARN_EMPTY_BODY = YES;
				CLANG_WARN_ENUM_CONVERSION = YES;
				CLANG_WARN_INFINITE_RECURSION = YES;
				CLANG_WARN_INT_CONVERSION = YES;
				CLANG_WARN_NON_LITERAL_NULL_CONVERSION = YES;
				CLANG_WARN_OBJC_IMPLICIT_RETAIN_SELF = YES;
				CLANG_WARN_OBJC_LITERAL_CONVERSION = YES;
				CLANG_WARN_OBJC_ROOT_CLASS = YES_ERROR;
				CLANG_WARN_QUOTED_INCLUDE_IN_FRAMEWORK_HEADER = YES;
				CLANG_WARN_RANGE_LOOP_ANALYSIS = YES;
				CLANG_WARN_STRICT_PROTOTYPES = YES;
				CLANG_WARN_SUSPICIOUS_MOVE = YES;
				CLANG_WARN_UNGUARDED_AVAILABILITY = YES_AGGRESSIVE;
				CLANG_WARN_UNREACHABLE_CODE = YES;
				CLANG_WARN__DUPLICATE_METHOD_MATCH = YES;
				COPY_PHASE_STRIP = NO;
				DEBUG_INFORMATION_FORMAT = "dwarf-with-dsym";
				ENABLE_NS_ASSERTIONS = NO;
				ENABLE_STRICT_OBJC_MSGSEND = YES;
				ENABLE_USER_SCRIPT_SANDBOXING = YES;
				GCC_C_LANGUAGE_STANDARD = gnu17;
				GCC_NO_COMMON_BLOCKS = YES;
				GCC_WARN_64_TO_32_BIT_CONVERSION = YES;
				GCC_WARN_ABOUT_RETURN_TYPE = YES_ERROR;
				GCC_WARN_UNDECLARED_SELECTOR = YES;
				GCC_WARN_UNINITIALIZED_AUTOS = YES_AGGRESSIVE;
				GCC_WARN_UNUSED_FUNCTION = YES;
				GCC_WARN_UNUSED_VARIABLE = YES;
				MACOSX_DEPLOYMENT_TARGET = 13.0;
				MTL_ENABLE_DEBUG_INFO = NO;
				MTL_FAST_MATH = YES;
				SDKROOT = macosx;
				SWIFT_COMPILATION_MODE = wholemodule;
			};
			name = Release;
		};
		B100000B0000000000000001 /* Debug */ = {
			isa = XCBuildConfiguration;
			buildSettings = {
				ASSETCATALOG_COMPILER_APPICON_NAME = AppIcon;
				ASSETCATALOG_COMPILER_GLOBAL_ACCENT_COLOR_NAME = AccentColor;
				CODE_SIGN_ENTITLEMENTS = PomodoroApp/PomodoroApp.entitlements;
				CODE_SIGN_STYLE = Automatic;
				COMBINE_HIDPI_IMAGES = YES;
				CURRENT_PROJECT_VERSION = 1;
				DEVELOPMENT_TEAM = "";
				ENABLE_HARDENED_RUNTIME = YES;
				GENERATE_INFOPLIST_FILE = YES;
				INFOPLIST_FILE = PomodoroApp/Info.plist;
				INFOPLIST_KEY_LSUIElement = YES;
				INFOPLIST_KEY_NSHumanReadableCopyright = "";
				LD_RUNPATH_SEARCH_PATHS = (
					"$(inherited)",
					"@executable_path/../Frameworks",
				);
				MARKETING_VERSION = 1.0;
				PRODUCT_BUNDLE_IDENTIFIER = com.pomodoro.app;
				PRODUCT_NAME = "$(TARGET_NAME)";
				SWIFT_EMIT_LOC_STRINGS = YES;
				SWIFT_VERSION = 5.0;
			};
			name = Debug;
		};
		B100000B0000000000000002 /* Release */ = {
			isa = XCBuildConfiguration;
			buildSettings = {
				ASSETCATALOG_COMPILER_APPICON_NAME = AppIcon;
				ASSETCATALOG_COMPILER_GLOBAL_ACCENT_COLOR_NAME = AccentColor;
				CODE_SIGN_ENTITLEMENTS = PomodoroApp/PomodoroApp.entitlements;
				CODE_SIGN_STYLE = Automatic;
				COMBINE_HIDPI_IMAGES = YES;
				CURRENT_PROJECT_VERSION = 1;
				DEVELOPMENT_TEAM = "";
				ENABLE_HARDENED_RUNTIME = YES;
				GENERATE_INFOPLIST_FILE = YES;
				INFOPLIST_FILE = PomodoroApp/Info.plist;
				INFOPLIST_KEY_LSUIElement = YES;
				INFOPLIST_KEY_NSHumanReadableCopyright = "";
				LD_RUNPATH_SEARCH_PATHS = (
					"$(inherited)",
					"@executable_path/../Frameworks",
				);
				MARKETING_VERSION = 1.0;
				PRODUCT_BUNDLE_IDENTIFIER = com.pomodoro.app;
				PRODUCT_NAME = "$(TARGET_NAME)";
				SWIFT_EMIT_LOC_STRINGS = YES;
				SWIFT_VERSION = 5.0;
			};
			name = Release;
		};
		C100000B0000000000000001 /* Debug */ = {
			isa = XCBuildConfiguration;
			buildSettings = {
				BUNDLE_LOADER = "$(TEST_HOST)";
				CODE_SIGN_STYLE = Automatic;
				CURRENT_PROJECT_VERSION = 1;
				GENERATE_INFOPLIST_FILE = YES;
				MACOSX_DEPLOYMENT_TARGET = 13.0;
				MARKETING_VERSION = 1.0;
				PRODUCT_BUNDLE_IDENTIFIER = com.pomodoro.app.tests;
				PRODUCT_NAME = "$(TARGET_NAME)";
				SWIFT_EMIT_LOC_STRINGS = NO;
				SWIFT_VERSION = 5.0;
				TEST_HOST = "$(BUILT_PRODUCTS_DIR)/PomodoroApp.app/$(BUNDLE_EXECUTABLE_FOLDER_PATH)/PomodoroApp";
			};
			name = Debug;
		};
		C100000B0000000000000002 /* Release */ = {
			isa = XCBuildConfiguration;
			buildSettings = {
				BUNDLE_LOADER = "$(TEST_HOST)";
				CODE_SIGN_STYLE = Automatic;
				CURRENT_PROJECT_VERSION = 1;
				GENERATE_INFOPLIST_FILE = YES;
				MACOSX_DEPLOYMENT_TARGET = 13.0;
				MARKETING_VERSION = 1.0;
				PRODUCT_BUNDLE_IDENTIFIER = com.pomodoro.app.tests;
				PRODUCT_NAME = "$(TARGET_NAME)";
				SWIFT_EMIT_LOC_STRINGS = NO;
				SWIFT_VERSION = 5.0;
				TEST_HOST = "$(BUILT_PRODUCTS_DIR)/PomodoroApp.app/$(BUNDLE_EXECUTABLE_FOLDER_PATH)/PomodoroApp";
			};
			name = Release;
		};
/* End XCBuildConfiguration section */

/* Begin XCConfigurationList section */
		B10000080000000000000001 /* Build configuration list for PBXNativeTarget "PomodoroApp" */ = {
			isa = XCConfigurationList;
			buildConfigurations = (
				B100000B0000000000000001 /* Debug */,
				B100000B0000000000000002 /* Release */,
			);
			defaultConfigurationIsVisible = 0;
			defaultConfigurationName = Release;
		};
		B10000080000000000000002 /* Build configuration list for PBXProject "PomodoroApp" */ = {
			isa = XCConfigurationList;
			buildConfigurations = (
				B100000A0000000000000001 /* Debug */,
				B100000A0000000000000002 /* Release */,
			);
			defaultConfigurationIsVisible = 0;
			defaultConfigurationName = Release;
		};
		C10000080000000000000001 /* Build configuration list for PBXNativeTarget "PomodoroAppTests" */ = {
			isa = XCConfigurationList;
			buildConfigurations = (
				C100000B0000000000000001 /* Debug */,
				C100000B0000000000000002 /* Release */,
			);
			defaultConfigurationIsVisible = 0;
			defaultConfigurationName = Release;
		};
/* End XCConfigurationList section */

	};
	rootObject = B10000090000000000000001 /* Project object */;
}
